// !$*UTF8*$!
{
	archiveVersion = 1;
	classes = {
	};
	objectVersion = 56;
	objects = {

/* Begin PBXBuildFile section */
		FB91721E2C7D540A0048C059 /* AppDelegate.swift in Sources */ = {isa = PBXBuildFile; fileRef = FB91721D2C7D540A0048C059 /* AppDelegate.swift */; };
		FB9172202C7D540A0048C059 /* SceneDelegate.swift in Sources */ = {isa = PBXBuildFile; fileRef = FB91721F2C7D540A0048C059 /* SceneDelegate.swift */; };
		FB9172222C7D540A0048C059 /* ViewController.swift in Sources */ = {isa = PBXBuildFile; fileRef = FB9172212C7D540A0048C059 /* ViewController.swift */; };
		FB9172272C7D540C0048C059 /* Assets.xcassets in Resources */ = {isa = PBXBuildFile; fileRef = FB9172262C7D540C0048C059 /* Assets.xcassets */; };
		FB91722A2C7D540C0048C059 /* LaunchScreen.storyboard in Resources */ = {isa = PBXBuildFile; fileRef = FB9172282C7D540C0048C059 /* LaunchScreen.storyboard */; };
		FB9172342C7D576F0048C059 /* BasePostViewController.swift in Sources */ = {isa = PBXBuildFile; fileRef = FB9172332C7D576F0048C059 /* BasePostViewController.swift */; };
		FB9172372C7D58ED0048C059 /* MainTabBarViewController.swift in Sources */ = {isa = PBXBuildFile; fileRef = FB9172362C7D58ED0048C059 /* MainTabBarViewController.swift */; };
		FB9172392C7D58F70048C059 /* BestPlay.swift in Sources */ = {isa = PBXBuildFile; fileRef = FB9172382C7D58F70048C059 /* BestPlay.swift */; };
		FB91723C2C7D59070048C059 /* BestPlayData.swift in Sources */ = {isa = PBXBuildFile; fileRef = FB91723B2C7D59070048C059 /* BestPlayData.swift */; };
		FB9172402C7D593E0048C059 /* BaseViewController.swift in Sources */ = {isa = PBXBuildFile; fileRef = FB91723F2C7D593E0048C059 /* BaseViewController.swift */; };
		FB9172422C7D5A320048C059 /* GameGenre.swift in Sources */ = {isa = PBXBuildFile; fileRef = FB9172412C7D5A320048C059 /* GameGenre.swift */; };
		FB9172462C7D5F080048C059 /* GenreTabBar.swift in Sources */ = {isa = PBXBuildFile; fileRef = FB9172452C7D5F080048C059 /* GenreTabBar.swift */; };
		FB9172482C7D6DF20048C059 /* HomeViewController.swift in Sources */ = {isa = PBXBuildFile; fileRef = FB9172472C7D6DF20048C059 /* HomeViewController.swift */; };
		FB91724B2C7D6F3F0048C059 /* PostCollectionViewCell.swift in Sources */ = {isa = PBXBuildFile; fileRef = FB91724A2C7D6F3F0048C059 /* PostCollectionViewCell.swift */; };
		FB91724E2C7D87F30048C059 /* Extension+date.swift in Sources */ = {isa = PBXBuildFile; fileRef = FB91724D2C7D87F30048C059 /* Extension+date.swift */; };
		FB9172502C7D95C40048C059 /* HomeViewModel.swift in Sources */ = {isa = PBXBuildFile; fileRef = FB91724F2C7D95C40048C059 /* HomeViewModel.swift */; };
		FB9172522C7DB2BB0048C059 /* CommentViewController.swift in Sources */ = {isa = PBXBuildFile; fileRef = FB9172512C7DB2BB0048C059 /* CommentViewController.swift */; };
		FB9172542C7DB6710048C059 /* CommentTableViewCell.swift in Sources */ = {isa = PBXBuildFile; fileRef = FB9172532C7DB6710048C059 /* CommentTableViewCell.swift */; };
/* End PBXBuildFile section */

/* Begin PBXFileReference section */
		FB91721A2C7D540A0048C059 /* BestPlay.app */ = {isa = PBXFileReference; explicitFileType = wrapper.application; includeInIndex = 0; path = BestPlay.app; sourceTree = BUILT_PRODUCTS_DIR; };
		FB91721D2C7D540A0048C059 /* AppDelegate.swift */ = {isa = PBXFileReference; lastKnownFileType = sourcecode.swift; path = AppDelegate.swift; sourceTree = "<group>"; };
		FB91721F2C7D540A0048C059 /* SceneDelegate.swift */ = {isa = PBXFileReference; lastKnownFileType = sourcecode.swift; path = SceneDelegate.swift; sourceTree = "<group>"; };
		FB9172212C7D540A0048C059 /* ViewController.swift */ = {isa = PBXFileReference; lastKnownFileType = sourcecode.swift; path = ViewController.swift; sourceTree = "<group>"; };
		FB9172262C7D540C0048C059 /* Assets.xcassets */ = {isa = PBXFileReference; lastKnownFileType = folder.assetcatalog; path = Assets.xcassets; sourceTree = "<group>"; };
		FB9172292C7D540C0048C059 /* Base */ = {isa = PBXFileReference; lastKnownFileType = file.storyboard; name = Base; path = Base.lproj/LaunchScreen.storyboard; sourceTree = "<group>"; };
		FB91722B2C7D540C0048C059 /* Info.plist */ = {isa = PBXFileReference; lastKnownFileType = text.plist.xml; path = Info.plist; sourceTree = "<group>"; };
		FB9172332C7D576F0048C059 /* BasePostViewController.swift */ = {isa = PBXFileReference; lastKnownFileType = sourcecode.swift; path = BasePostViewController.swift; sourceTree = "<group>"; };
		FB9172362C7D58ED0048C059 /* MainTabBarViewController.swift */ = {isa = PBXFileReference; lastKnownFileType = sourcecode.swift; path = MainTabBarViewController.swift; sourceTree = "<group>"; };
		FB9172382C7D58F70048C059 /* BestPlay.swift */ = {isa = PBXFileReference; lastKnownFileType = sourcecode.swift; path = BestPlay.swift; sourceTree = "<group>"; };
		FB91723B2C7D59070048C059 /* BestPlayData.swift */ = {isa = PBXFileReference; lastKnownFileType = sourcecode.swift; path = BestPlayData.swift; sourceTree = "<group>"; };
		FB91723F2C7D593E0048C059 /* BaseViewController.swift */ = {isa = PBXFileReference; lastKnownFileType = sourcecode.swift; path = BaseViewController.swift; sourceTree = "<group>"; };
		FB9172412C7D5A320048C059 /* GameGenre.swift */ = {isa = PBXFileReference; lastKnownFileType = sourcecode.swift; path = GameGenre.swift; sourceTree = "<group>"; };
		FB9172452C7D5F080048C059 /* GenreTabBar.swift */ = {isa = PBXFileReference; lastKnownFileType = sourcecode.swift; path = GenreTabBar.swift; sourceTree = "<group>"; };
		FB9172472C7D6DF20048C059 /* HomeViewController.swift */ = {isa = PBXFileReference; lastKnownFileType = sourcecode.swift; path = HomeViewController.swift; sourceTree = "<group>"; };
		FB91724A2C7D6F3F0048C059 /* PostCollectionViewCell.swift */ = {isa = PBXFileReference; lastKnownFileType = sourcecode.swift; path = PostCollectionViewCell.swift; sourceTree = "<group>"; };
		FB91724D2C7D87F30048C059 /* Extension+date.swift */ = {isa = PBXFileReference; lastKnownFileType = sourcecode.swift; path = "Extension+date.swift"; sourceTree = "<group>"; };
		FB91724F2C7D95C40048C059 /* HomeViewModel.swift */ = {isa = PBXFileReference; lastKnownFileType = sourcecode.swift; path = HomeViewModel.swift; sourceTree = "<group>"; };
		FB9172512C7DB2BB0048C059 /* CommentViewController.swift */ = {isa = PBXFileReference; lastKnownFileType = sourcecode.swift; path = CommentViewController.swift; sourceTree = "<group>"; };
		FB9172532C7DB6710048C059 /* CommentTableViewCell.swift */ = {isa = PBXFileReference; lastKnownFileType = sourcecode.swift; path = CommentTableViewCell.swift; sourceTree = "<group>"; };
/* End PBXFileReference section */

/* Begin PBXFrameworksBuildPhase section */
		FB9172172C7D540A0048C059 /* Frameworks */ = {
			isa = PBXFrameworksBuildPhase;
			buildActionMask = 2147483647;
			files = (
			);
			runOnlyForDeploymentPostprocessing = 0;
		};
/* End PBXFrameworksBuildPhase section */

/* Begin PBXGroup section */
		FB9172112C7D540A0048C059 = {
			isa = PBXGroup;
			children = (
				FB91721C2C7D540A0048C059 /* BestPlay */,
				FB91721B2C7D540A0048C059 /* Products */,
			);
			sourceTree = "<group>";
		};
		FB91721B2C7D540A0048C059 /* Products */ = {
			isa = PBXGroup;
			children = (
				FB91721A2C7D540A0048C059 /* BestPlay.app */,
			);
			name = Products;
			sourceTree = "<group>";
		};
		FB91721C2C7D540A0048C059 /* BestPlay */ = {
			isa = PBXGroup;
			children = (
				FB91724C2C7D87E60048C059 /* Extension */,
				FB91723A2C7D58FC0048C059 /* Data */,
				FB9172352C7D58510048C059 /* Model */,
				FB9172322C7D56E90048C059 /* MainTabView */,
				FB9172442C7D5ED30048C059 /* Component */,
				FB9172492C7D6F2A0048C059 /* Cells */,
				FB9172312C7D54870048C059 /* ViewController */,
				FB91721D2C7D540A0048C059 /* AppDelegate.swift */,
				FB91721F2C7D540A0048C059 /* SceneDelegate.swift */,
				FB9172262C7D540C0048C059 /* Assets.xcassets */,
				FB9172282C7D540C0048C059 /* LaunchScreen.storyboard */,
				FB91722B2C7D540C0048C059 /* Info.plist */,
			);
			path = BestPlay;
			sourceTree = "<group>";
		};
		FB9172312C7D54870048C059 /* ViewController */ = {
			isa = PBXGroup;
			children = (
				FB9172212C7D540A0048C059 /* ViewController.swift */,
				FB9172332C7D576F0048C059 /* BasePostViewController.swift */,
				FB91723F2C7D593E0048C059 /* BaseViewController.swift */,
				FB9172472C7D6DF20048C059 /* HomeViewController.swift */,
				FB91724F2C7D95C40048C059 /* HomeViewModel.swift */,
				FB9172512C7DB2BB0048C059 /* CommentViewController.swift */,
			);
			path = ViewController;
			sourceTree = "<group>";
		};
		FB9172322C7D56E90048C059 /* MainTabView */ = {
			isa = PBXGroup;
			children = (
				FB9172362C7D58ED0048C059 /* MainTabBarViewController.swift */,
			);
			path = MainTabView;
			sourceTree = "<group>";
		};
		FB9172352C7D58510048C059 /* Model */ = {
			isa = PBXGroup;
			children = (
				FB9172382C7D58F70048C059 /* BestPlay.swift */,
				FB9172412C7D5A320048C059 /* GameGenre.swift */,
			);
			path = Model;
			sourceTree = "<group>";
		};
		FB91723A2C7D58FC0048C059 /* Data */ = {
			isa = PBXGroup;
			children = (
				FB91723B2C7D59070048C059 /* BestPlayData.swift */,
			);
			path = Data;
			sourceTree = "<group>";
		};
		FB9172442C7D5ED30048C059 /* Component */ = {
			isa = PBXGroup;
			children = (
				FB9172452C7D5F080048C059 /* GenreTabBar.swift */,
			);
			path = Component;
			sourceTree = "<group>";
		};
		FB9172492C7D6F2A0048C059 /* Cells */ = {
			isa = PBXGroup;
			children = (
				FB91724A2C7D6F3F0048C059 /* PostCollectionViewCell.swift */,
				FB9172532C7DB6710048C059 /* CommentTableViewCell.swift */,
			);
			path = Cells;
			sourceTree = "<group>";
		};
		FB91724C2C7D87E60048C059 /* Extension */ = {
			isa = PBXGroup;
			children = (
				FB91724D2C7D87F30048C059 /* Extension+date.swift */,
			);
			path = Extension;
			sourceTree = "<group>";
		};
/* End PBXGroup section */

/* Begin PBXNativeTarget section */
		FB9172192C7D540A0048C059 /* BestPlay */ = {
			isa = PBXNativeTarget;
			buildConfigurationList = FB91722E2C7D540C0048C059 /* Build configuration list for PBXNativeTarget "BestPlay" */;
			buildPhases = (
				FB9172162C7D540A0048C059 /* Sources */,
				FB9172172C7D540A0048C059 /* Frameworks */,
				FB9172182C7D540A0048C059 /* Resources */,
			);
			buildRules = (
			);
			dependencies = (
			);
			name = BestPlay;
			productName = BestPlay;
			productReference = FB91721A2C7D540A0048C059 /* BestPlay.app */;
			productType = "com.apple.product-type.application";
		};
/* End PBXNativeTarget section */

/* Begin PBXProject section */
		FB9172122C7D540A0048C059 /* Project object */ = {
			isa = PBXProject;
			attributes = {
				BuildIndependentTargetsInParallel = 1;
				LastSwiftUpdateCheck = 1510;
				LastUpgradeCheck = 1510;
				TargetAttributes = {
					FB9172192C7D540A0048C059 = {
						CreatedOnToolsVersion = 15.1;
					};
				};
			};
			buildConfigurationList = FB9172152C7D540A0048C059 /* Build configuration list for PBXProject "BestPlay" */;
			compatibilityVersion = "Xcode 14.0";
			developmentRegion = en;
			hasScannedForEncodings = 0;
			knownRegions = (
				en,
				Base,
			);
			mainGroup = FB9172112C7D540A0048C059;
			productRefGroup = FB91721B2C7D540A0048C059 /* Products */;
			projectDirPath = "";
			projectRoot = "";
			targets = (
				FB9172192C7D540A0048C059 /* BestPlay */,
			);
		};
/* End PBXProject section */

/* Begin PBXResourcesBuildPhase section */
		FB9172182C7D540A0048C059 /* Resources */ = {
			isa = PBXResourcesBuildPhase;
			buildActionMask = 2147483647;
			files = (
				FB91722A2C7D540C0048C059 /* LaunchScreen.storyboard in Resources */,
				FB9172272C7D540C0048C059 /* Assets.xcassets in Resources */,
			);
			runOnlyForDeploymentPostprocessing = 0;
		};
/* End PBXResourcesBuildPhase section */

/* Begin PBXSourcesBuildPhase section */
		FB9172162C7D540A0048C059 /* Sources */ = {
			isa = PBXSourcesBuildPhase;
			buildActionMask = 2147483647;
			files = (
				FB9172372C7D58ED0048C059 /* MainTabBarViewController.swift in Sources */,
				FB9172392C7D58F70048C059 /* BestPlay.swift in Sources */,
				FB9172222C7D540A0048C059 /* ViewController.swift in Sources */,
				FB91724E2C7D87F30048C059 /* Extension+date.swift in Sources */,
				FB9172422C7D5A320048C059 /* GameGenre.swift in Sources */,
				FB9172522C7DB2BB0048C059 /* CommentViewController.swift in Sources */,
				FB91721E2C7D540A0048C059 /* AppDelegate.swift in Sources */,
				FB9172202C7D540A0048C059 /* SceneDelegate.swift in Sources */,
				FB9172402C7D593E0048C059 /* BaseViewController.swift in Sources */,
				FB9172482C7D6DF20048C059 /* HomeViewController.swift in Sources */,
				FB9172502C7D95C40048C059 /* HomeViewModel.swift in Sources */,
				FB9172542C7DB6710048C059 /* CommentTableViewCell.swift in Sources */,
				FB91724B2C7D6F3F0048C059 /* PostCollectionViewCell.swift in Sources */,
				FB91723C2C7D59070048C059 /* BestPlayData.swift in Sources */,
				FB9172342C7D576F0048C059 /* BasePostViewController.swift in Sources */,
				FB9172462C7D5F080048C059 /* GenreTabBar.swift in Sources */,
			);
			runOnlyForDeploymentPostprocessing = 0;
		};
/* End PBXSourcesBuildPhase section */

/* Begin PBXVariantGroup section */
		FB9172282C7D540C0048C059 /* LaunchScreen.storyboard */ = {
			isa = PBXVariantGroup;
			children = (
				FB9172292C7D540C0048C059 /* Base */,
			);
			name = LaunchScreen.storyboard;
			sourceTree = "<group>";
		};
/* End PBXVariantGroup section */

/* Begin XCBuildConfiguration section */
		FB91722C2C7D540C0048C059 /* Debug */ = {
			isa = XCBuildConfiguration;
			buildSettings = {
				ALWAYS_SEARCH_USER_PATHS = NO;
				ASSETCATALOG_COMPILER_GENERATE_SWIFT_ASSET_SYMBOL_EXTENSIONS = YES;
				CLANG_ANALYZER_NONNULL = YES;
				CLANG_ANALYZER_NUMBER_OBJECT_CONVERSION = YES_AGGRESSIVE;
				CLANG_CXX_LANGUAGE_STANDARD = "gnu++20";
				CLANG_ENABLE_MODULES = YES;
				CLANG_ENABLE_OBJC_ARC = YES;
				CLANG_ENABLE_OBJC_WEAK = YES;
				CLANG_WARN_BLOCK_CAPTURE_AUTORELEASING = YES;
				CLANG_WARN_BOOL_CONVERSION = YES;
				CLANG_WARN_COMMA = YES;
				CLANG_WARN_CONSTANT_CONVERSION = YES;
				CLANG_WARN_DEPRECATED_OBJC_IMPLEMENTATIONS = YES;
				CLANG_WARN_DIRECT_OBJC_ISA_USAGE = YES_ERROR;
				CLANG_WARN_DOCUMENTATION_COMMENTS = YES;
				CLANG_WARN_EMPTY_BODY = YES;
				CLANG_WARN_ENUM_CONVERSION = YES;
				CLANG_WARN_INFINITE_RECURSION = YES;
				CLANG_WARN_INT_CONVERSION = YES;
				CLANG_WARN_NON_LITERAL_NULL_CONVERSION = YES;
				CLANG_WARN_OBJC_IMPLICIT_RETAIN_SELF = YES;
				CLANG_WARN_OBJC_LITERAL_CONVERSION = YES;
				CLANG_WARN_OBJC_ROOT_CLASS = YES_ERROR;
				CLANG_WARN_QUOTED_INCLUDE_IN_FRAMEWORK_HEADER = YES;
				CLANG_WARN_RANGE_LOOP_ANALYSIS = YES;
				CLANG_WARN_STRICT_PROTOTYPES = YES;
				CLANG_WARN_SUSPICIOUS_MOVE = YES;
				CLANG_WARN_UNGUARDED_AVAILABILITY = YES_AGGRESSIVE;
				CLANG_WARN_UNREACHABLE_CODE = YES;
				CLANG_WARN__DUPLICATE_METHOD_MATCH = YES;
				COPY_PHASE_STRIP = NO;
				DEBUG_INFORMATION_FORMAT = dwarf;
				ENABLE_STRICT_OBJC_MSGSEND = YES;
				ENABLE_TESTABILITY = YES;
				ENABLE_USER_SCRIPT_SANDBOXING = YES;
				GCC_C_LANGUAGE_STANDARD = gnu17;
				GCC_DYNAMIC_NO_PIC = NO;
				GCC_NO_COMMON_BLOCKS = YES;
				GCC_OPTIMIZATION_LEVEL = 0;
				GCC_PREPROCESSOR_DEFINITIONS = (
					"DEBUG=1",
					"$(inherited)",
				);
				GCC_WARN_64_TO_32_BIT_CONVERSION = YES;
				GCC_WARN_ABOUT_RETURN_TYPE = YES_ERROR;
				GCC_WARN_UNDECLARED_SELECTOR = YES;
				GCC_WARN_UNINITIALIZED_AUTOS = YES_AGGRESSIVE;
				GCC_WARN_UNUSED_FUNCTION = YES;
				GCC_WARN_UNUSED_VARIABLE = YES;
				IPHONEOS_DEPLOYMENT_TARGET = 17.2;
				LOCALIZATION_PREFERS_STRING_CATALOGS = YES;
				MTL_ENABLE_DEBUG_INFO = INCLUDE_SOURCE;
				MTL_FAST_MATH = YES;
				ONLY_ACTIVE_ARCH = YES;
				SDKROOT = iphoneos;
				SWIFT_ACTIVE_COMPILATION_CONDITIONS = "DEBUG $(inherited)";
				SWIFT_OPTIMIZATION_LEVEL = "-Onone";
			};
			name = Debug;
		};
		FB91722D2C7D540C0048C059 /* Release */ = {
			isa = XCBuildConfiguration;
			buildSettings = {
				ALWAYS_SEARCH_USER_PATHS = NO;
				ASSETCATALOG_COMPILER_GENERATE_SWIFT_ASSET_SYMBOL_EXTENSIONS = YES;
				CLANG_ANALYZER_NONNULL = YES;
				CLANG_ANALYZER_NUMBER_OBJECT_CONVERSION = YES_AGGRESSIVE;
				CLANG_CXX_LANGUAGE_STANDARD = "gnu++20";
				CLANG_ENABLE_MODULES = YES;
				CLANG_ENABLE_OBJC_ARC = YES;
				CLANG_ENABLE_OBJC_WEAK = YES;
				CLANG_WARN_BLOCK_CAPTURE_AUTORELEASING = YES;
				CLANG_WARN_BOOL_CONVERSION = YES;
				CLANG_WARN_COMMA = YES;
				CLANG_WARN_CONSTANT_CONVERSION = YES;
				CLANG_WARN_DEPRECATED_OBJC_IMPLEMENTATIONS = YES;
				CLANG_WARN_DIRECT_OBJC_ISA_USAGE = YES_ERROR;
				CLANG_WARN_DOCUMENTATION_COMMENTS = YES;
				CLANG_WARN_EMPTY_BODY = YES;
				CLANG_WARN_ENUM_CONVERSION = YES;
				CLANG_WARN_INFINITE_RECURSION = YES;
				CLANG_WARN_INT_CONVERSION = YES;
				CLANG_WARN_NON_LITERAL_NULL_CONVERSION = YES;
				CLANG_WARN_OBJC_IMPLICIT_RETAIN_SELF = YES;
				CLANG_WARN_OBJC_LITERAL_CONVERSION = YES;
				CLANG_WARN_OBJC_ROOT_CLASS = YES_ERROR;
				CLANG_WARN_QUOTED_INCLUDE_IN_FRAMEWORK_HEADER = YES;
				CLANG_WARN_RANGE_LOOP_ANALYSIS = YES;
				CLANG_WARN_STRICT_PROTOTYPES = YES;
				CLANG_WARN_SUSPICIOUS_MOVE = YES;
				CLANG_WARN_UNGUARDED_AVAILABILITY = YES_AGGRESSIVE;
				CLANG_WARN_UNREACHABLE_CODE = YES;
				CLANG_WARN__DUPLICATE_METHOD_MATCH = YES;
				COPY_PHASE_STRIP = NO;
				DEBUG_INFORMATION_FORMAT = "dwarf-with-dsym";
				ENABLE_NS_ASSERTIONS = NO;
				ENABLE_STRICT_OBJC_MSGSEND = YES;
				ENABLE_USER_SCRIPT_SANDBOXING = YES;
				GCC_C_LANGUAGE_STANDARD = gnu17;
				GCC_NO_COMMON_BLOCKS = YES;
				GCC_WARN_64_TO_32_BIT_CONVERSION = YES;
				GCC_WARN_ABOUT_RETURN_TYPE = YES_ERROR;
				GCC_WARN_UNDECLARED_SELECTOR = YES;
				GCC_WARN_UNINITIALIZED_AUTOS = YES_AGGRESSIVE;
				GCC_WARN_UNUSED_FUNCTION = YES;
				GCC_WARN_UNUSED_VARIABLE = YES;
				IPHONEOS_DEPLOYMENT_TARGET = 17.2;
				LOCALIZATION_PREFERS_STRING_CATALOGS = YES;
				MTL_ENABLE_DEBUG_INFO = NO;
				MTL_FAST_MATH = YES;
				SDKROOT = iphoneos;
				SWIFT_COMPILATION_MODE = wholemodule;
				VALIDATE_PRODUCT = YES;
			};
			name = Release;
		};
		FB91722F2C7D540C0048C059 /* Debug */ = {
			isa = XCBuildConfiguration;
			buildSettings = {
				ASSETCATALOG_COMPILER_APPICON_NAME = AppIcon;
				ASSETCATALOG_COMPILER_GLOBAL_ACCENT_COLOR_NAME = AccentColor;
				CODE_SIGN_STYLE = Automatic;
				CURRENT_PROJECT_VERSION = 1;
				GENERATE_INFOPLIST_FILE = YES;
				INFOPLIST_FILE = BestPlay/Info.plist;
				INFOPLIST_KEY_UIApplicationSupportsIndirectInputEvents = YES;
				INFOPLIST_KEY_UILaunchStoryboardName = LaunchScreen;
				INFOPLIST_KEY_UISupportedInterfaceOrientations_iPad = "UIInterfaceOrientationPortrait UIInterfaceOrientationPortraitUpsideDown UIInterfaceOrientationLandscapeLeft UIInterfaceOrientationLandscapeRight";
				INFOPLIST_KEY_UISupportedInterfaceOrientations_iPhone = "UIInterfaceOrientationPortrait UIInterfaceOrientationLandscapeLeft UIInterfaceOrientationLandscapeRight";
				LD_RUNPATH_SEARCH_PATHS = (
					"$(inherited)",
					"@executable_path/Frameworks",
				);
				MARKETING_VERSION = 1.0;
				PRODUCT_BUNDLE_IDENTIFIER = education.techit.BestPlay;
				PRODUCT_NAME = "$(TARGET_NAME)";
				SWIFT_EMIT_LOC_STRINGS = YES;
				SWIFT_VERSION = 5.0;
				TARGETED_DEVICE_FAMILY = "1,2";
			};
			name = Debug;
		};
		FB9172302C7D540C0048C059 /* Release */ = {
			isa = XCBuildConfiguration;
			buildSettings = {
				ASSETCATALOG_COMPILER_APPICON_NAME = AppIcon;
				ASSETCATALOG_COMPILER_GLOBAL_ACCENT_COLOR_NAME = AccentColor;
				CODE_SIGN_STYLE = Automatic;
				CURRENT_PROJECT_VERSION = 1;
				GENERATE_INFOPLIST_FILE = YES;
				INFOPLIST_FILE = BestPlay/Info.plist;
				INFOPLIST_KEY_UIApplicationSupportsIndirectInputEvents = YES;
				INFOPLIST_KEY_UILaunchStoryboardName = LaunchScreen;
				INFOPLIST_KEY_UISupportedInterfaceOrientations_iPad = "UIInterfaceOrientationPortrait UIInterfaceOrientationPortraitUpsideDown UIInterfaceOrientationLandscapeLeft UIInterfaceOrientationLandscapeRight";
				INFOPLIST_KEY_UISupportedInterfaceOrientations_iPhone = "UIInterfaceOrientationPortrait UIInterfaceOrientationLandscapeLeft UIInterfaceOrientationLandscapeRight";
				LD_RUNPATH_SEARCH_PATHS = (
					"$(inherited)",
					"@executable_path/Frameworks",
				);
				MARKETING_VERSION = 1.0;
				PRODUCT_BUNDLE_IDENTIFIER = education.techit.BestPlay;
				PRODUCT_NAME = "$(TARGET_NAME)";
				SWIFT_EMIT_LOC_STRINGS = YES;
				SWIFT_VERSION = 5.0;
				TARGETED_DEVICE_FAMILY = "1,2";
			};
			name = Release;
		};
/* End XCBuildConfiguration section */

/* Begin XCConfigurationList section */
		FB9172152C7D540A0048C059 /* Build configuration list for PBXProject "BestPlay" */ = {
			isa = XCConfigurationList;
			buildConfigurations = (
				FB91722C2C7D540C0048C059 /* Debug */,
				FB91722D2C7D540C0048C059 /* Release */,
			);
			defaultConfigurationIsVisible = 0;
			defaultConfigurationName = Release;
		};
		FB91722E2C7D540C0048C059 /* Build configuration list for PBXNativeTarget "BestPlay" */ = {
			isa = XCConfigurationList;
			buildConfigurations = (
				FB91722F2C7D540C0048C059 /* Debug */,
				FB9172302C7D540C0048C059 /* Release */,
			);
			defaultConfigurationIsVisible = 0;
			defaultConfigurationName = Release;
		};
/* End XCConfigurationList section */
	};
	rootObject = FB9172122C7D540A0048C059 /* Project object */;
}
